
Microsoft Visual Studio Solution File, Format Version 12.00
# Visual Studio Version 16
VisualStudioVersion = 16.0.30225.117
MinimumVisualStudioVersion = 10.0.40219.1
Project("{FAE04EC0-301F-11D3-BF4B-00C04F79EFBC}") = "TweetBook", "TweetBook\TweetBook.csproj", "{3F70FD6E-08C4-4078-80F7-E25A6DB65163}"
EndProject
Global
	GlobalSection(SolutionConfigurationPlatforms) = preSolution
		Debug|Any CPU = Debug|Any CPU
		Release|Any CPU = Release|Any CPU
	EndGlobalSection
	GlobalSection(ProjectConfigurationPlatforms) = postSolution
		{3F70FD6E-08C4-4078-80F7-E25A6DB65163}.Debug|Any CPU.ActiveCfg = Debug|Any CPU
		{3F70FD6E-08C4-4078-80F7-E25A6DB65163}.Debug|Any CPU.Build.0 = Debug|Any CPU
		{3F70FD6E-08C4-4078-80F7-E25A6DB65163}.Release|Any CPU.ActiveCfg = Release|Any CPU
		{3F70FD6E-08C4-4078-80F7-E25A6DB65163}.Release|Any CPU.Build.0 = Release|Any CPU
	EndGlobalSection
	GlobalSection(SolutionProperties) = preSolution
		HideSolutionNode = FALSE
	EndGlobalSection
	GlobalSection(ExtensibilityGlobals) = postSolution
		SolutionGuid = {68AC768D-1427-4032-BBC8-EAED08C25BD1}
	EndGlobalSection
EndGlobal
